
Microsoft Visual Studio Solution File, Format Version 12.00
# Visual Studio Version 17
VisualStudioVersion = 17.7.34003.232
MinimumVisualStudioVersion = 10.0.40219.1
Project("{FAE04EC0-301F-11D3-BF4B-00C04F79EFBC}") = "M5", "M5.csproj", "{BB84BB9B-0281-44E7-BA75-F2390F435BDA}"
EndProject
Global
	GlobalSection(SolutionConfigurationPlatforms) = preSolution
		Debug|Any CPU = Debug|Any CPU
		Release|Any CPU = Release|Any CPU
	EndGlobalSection
	GlobalSection(ProjectConfigurationPlatforms) = postSolution
		{BB84BB9B-0281-44E7-BA75-F2390F435BDA}.Debug|Any CPU.ActiveCfg = Debug|Any CPU
		{BB84BB9B-0281-44E7-BA75-F2390F435BDA}.Debug|Any CPU.Build.0 = Debug|Any CPU
		{BB84BB9B-0281-44E7-BA75-F2390F435BDA}.Release|Any CPU.ActiveCfg = Release|Any CPU
		{BB84BB9B-0281-44E7-BA75-F2390F435BDA}.Release|Any CPU.Build.0 = Release|Any CPU
	EndGlobalSection
	GlobalSection(SolutionProperties) = preSolution
		HideSolutionNode = FALSE
	EndGlobalSection
	GlobalSection(ExtensibilityGlobals) = postSolution
		SolutionGuid = {D0726193-1FA2-4BA5-931F-A07AF0066DFE}
	EndGlobalSection
EndGlobal
